
Microsoft Visual Studio Solution File, Format Version 12.00
# Visual Studio Version 17
VisualStudioVersion = 17.8.34309.116
MinimumVisualStudioVersion = 10.0.40219.1
Project("{FAE04EC0-301F-11D3-BF4B-00C04F79EFBC}") = "ProjetoUdemy", "ProjetoUdemy.csproj", "{FDA1B243-6078-491E-BFAF-BDB9BE171454}"
EndProject
Global
	GlobalSection(SolutionConfigurationPlatforms) = preSolution
		Debug|Any CPU = Debug|Any CPU
		Release|Any CPU = Release|Any CPU
	EndGlobalSection
	GlobalSection(ProjectConfigurationPlatforms) = postSolution
		{FDA1B243-6078-491E-BFAF-BDB9BE171454}.Debug|Any CPU.ActiveCfg = Debug|Any CPU
		{FDA1B243-6078-491E-BFAF-BDB9BE171454}.Debug|Any CPU.Build.0 = Debug|Any CPU
		{FDA1B243-6078-491E-BFAF-BDB9BE171454}.Release|Any CPU.ActiveCfg = Release|Any CPU
		{FDA1B243-6078-491E-BFAF-BDB9BE171454}.Release|Any CPU.Build.0 = Release|Any CPU
	EndGlobalSection
	GlobalSection(SolutionProperties) = preSolution
		HideSolutionNode = FALSE
	EndGlobalSection
	GlobalSection(ExtensibilityGlobals) = postSolution
		SolutionGuid = {1B85A203-85F9-425A-B5F1-D1CECB1B0C4D}
	EndGlobalSection
EndGlobal
